
Microsoft Visual Studio Solution File, Format Version 12.00
# Visual Studio Version 16
VisualStudioVersion = 16.0.30128.74
MinimumVisualStudioVersion = 10.0.40219.1
Project("{FAE04EC0-301F-11D3-BF4B-00C04F79EFBC}") = "WeabooDiscordBotTesting", "WeabooDiscordBotTesting.csproj", "{470FB741-6544-4AE0-9529-FF7923BA9434}"
EndProject
Global
	GlobalSection(SolutionConfigurationPlatforms) = preSolution
		Debug|Any CPU = Debug|Any CPU
		Release|Any CPU = Release|Any CPU
	EndGlobalSection
	GlobalSection(ProjectConfigurationPlatforms) = postSolution
		{470FB741-6544-4AE0-9529-FF7923BA9434}.Debug|Any CPU.ActiveCfg = Debug|Any CPU
		{470FB741-6544-4AE0-9529-FF7923BA9434}.Debug|Any CPU.Build.0 = Debug|Any CPU
		{470FB741-6544-4AE0-9529-FF7923BA9434}.Release|Any CPU.ActiveCfg = Release|Any CPU
		{470FB741-6544-4AE0-9529-FF7923BA9434}.Release|Any CPU.Build.0 = Release|Any CPU
	EndGlobalSection
	GlobalSection(SolutionProperties) = preSolution
		HideSolutionNode = FALSE
	EndGlobalSection
	GlobalSection(ExtensibilityGlobals) = postSolution
		SolutionGuid = {1849F10D-3147-4914-A4DD-23922EC65685}
	EndGlobalSection
EndGlobal
